# This file is automatically @generated by Cargo.
# It is not intended for manual editing.
version = 4

[[package]]
name = "mathverse-ai"
version = "0.1.0"
dependencies = [
 "mathverse-core",
]

[[package]]
name = "mathverse-algebra"
version = "0.1.0"
dependencies = [
 "mathverse-core",
]

[[package]]
name = "mathverse-arithmetic"
version = "0.1.0"
dependencies = [
 "mathverse-core",
]

[[package]]
name = "mathverse-calculus"
version = "0.1.0"
dependencies = [
 "mathverse-core",
]

[[package]]
name = "mathverse-combinatorics"
version = "0.1.0"
dependencies = [
 "mathverse-core",
]

[[package]]
name = "mathverse-complex"
version = "0.1.0"

[[package]]
name = "mathverse-core"
version = "0.1.0"

[[package]]
name = "mathverse-discrete"
version = "0.1.0"

[[package]]
name = "mathverse-equations"
version = "0.1.0"
dependencies = [
 "mathverse-algebra",
 "mathverse-core",
 "mathverse-matrix",
 "mathverse-vector",
]

[[package]]
name = "mathverse-geometry"
version = "0.1.0"
dependencies = [
 "mathverse-core",
]

[[package]]
name = "mathverse-graph"
version = "0.1.0"

[[package]]
name = "mathverse-linear-algebra"
version = "0.1.0"
dependencies = [
 "mathverse-core",
 "mathverse-matrix",
 "mathverse-vector",
]

[[package]]
name = "mathverse-machine-learning"
version = "0.1.0"
dependencies = [
 "mathverse-core",
]

[[package]]
name = "mathverse-matrix"
version = "0.1.0"
dependencies = [
 "mathverse-core",
 "mathverse-vector",
]

[[package]]
name = "mathverse-number-theory"
version = "0.1.0"
dependencies = [
 "mathverse-core",
]

[[package]]
name = "mathverse-numerical"
version = "0.1.0"
dependencies = [
 "mathverse-core",
 "mathverse-matrix",
 "mathverse-vector",
]

[[package]]
name = "mathverse-optimization"
version = "0.1.0"
dependencies = [
 "mathverse-core",
 "mathverse-probability",
]

[[package]]
name = "mathverse-probability"
version = "0.1.0"
dependencies = [
 "mathverse-core",
]

[[package]]
name = "mathverse-signal"
version = "0.1.0"

[[package]]
name = "mathverse-statistics"
version = "0.1.0"

[[package]]
name = "mathverse-transforms"
version = "0.1.0"
dependencies = [
 "mathverse-complex",
 "mathverse-core",
]

[[package]]
name = "mathverse-trigonometry"
version = "0.1.0"
dependencies = [
 "mathverse-core",
]

[[package]]
name = "mathverse-vector"
version = "0.1.0"
dependencies = [
 "mathverse-core",
]

[[package]]
name = "mathverse-vision"
version = "0.1.0"
dependencies = [
 "mathverse-core",
]
